
Microsoft Visual Studio Solution File, Format Version 12.00
# Visual Studio Version 16
VisualStudioVersion = 25.0.1700.6
MinimumVisualStudioVersion = 10.0.40219.1
Project("{FAE04EC0-301F-11D3-BF4B-00C04F79EFBC}") = "AdventOfCode2021", "AdventOfCode2021.csproj", "{A0E0E8D0-4167-4F91-B508-3703BCC8AA7C}"
EndProject
Global
	GlobalSection(SolutionConfigurationPlatforms) = preSolution
		Debug|Any CPU = Debug|Any CPU
		Release|Any CPU = Release|Any CPU
	EndGlobalSection
	GlobalSection(ProjectConfigurationPlatforms) = postSolution
		{A0E0E8D0-4167-4F91-B508-3703BCC8AA7C}.Debug|Any CPU.ActiveCfg = Debug|Any CPU
		{A0E0E8D0-4167-4F91-B508-3703BCC8AA7C}.Debug|Any CPU.Build.0 = Debug|Any CPU
		{A0E0E8D0-4167-4F91-B508-3703BCC8AA7C}.Release|Any CPU.ActiveCfg = Release|Any CPU
		{A0E0E8D0-4167-4F91-B508-3703BCC8AA7C}.Release|Any CPU.Build.0 = Release|Any CPU
	EndGlobalSection
	GlobalSection(SolutionProperties) = preSolution
		HideSolutionNode = FALSE
	EndGlobalSection
	GlobalSection(ExtensibilityGlobals) = postSolution
		SolutionGuid = {D771ECAA-6B99-4776-806C-AC894FE1A377}
	EndGlobalSection
EndGlobal
